
Microsoft Visual Studio Solution File, Format Version 12.00
# Visual Studio Version 16
VisualStudioVersion = 16.0.33214.272
MinimumVisualStudioVersion = 10.0.40219.1
Project("{FAE04EC0-301F-11D3-BF4B-00C04F79EFBC}") = "WPFDEM", "WPFDEM\WPFDEM.csproj", "{577B19E4-43D9-4952-81D8-699FAEE9DBA4}"
EndProject
Global
	GlobalSection(SolutionConfigurationPlatforms) = preSolution
		Debug|Any CPU = Debug|Any CPU
		Release|Any CPU = Release|Any CPU
	EndGlobalSection
	GlobalSection(ProjectConfigurationPlatforms) = postSolution
		{577B19E4-43D9-4952-81D8-699FAEE9DBA4}.Debug|Any CPU.ActiveCfg = Debug|Any CPU
		{577B19E4-43D9-4952-81D8-699FAEE9DBA4}.Debug|Any CPU.Build.0 = Debug|Any CPU
		{577B19E4-43D9-4952-81D8-699FAEE9DBA4}.Release|Any CPU.ActiveCfg = Release|Any CPU
		{577B19E4-43D9-4952-81D8-699FAEE9DBA4}.Release|Any CPU.Build.0 = Release|Any CPU
	EndGlobalSection
	GlobalSection(SolutionProperties) = preSolution
		HideSolutionNode = FALSE
	EndGlobalSection
	GlobalSection(ExtensibilityGlobals) = postSolution
		SolutionGuid = {C1A98A66-E9B8-4F1C-9955-D82F5F9AFE10}
	EndGlobalSection
EndGlobal
